// !$*UTF8*$!
{
	archiveVersion = 1;
	classes = {
	};
	objectVersion = 46;
	objects = {

/* Begin PBXBuildFile section */
		D03741811A0934F2001AE640 /* NotesViewController.swift in Sources */ = {isa = PBXBuildFile; fileRef = D03741801A0934F2001AE640 /* NotesViewController.swift */; };
		D06E7DD41A0415EB00EA81E1 /* MapKit.framework in Frameworks */ = {isa = PBXBuildFile; fileRef = D06E7DD31A0415EB00EA81E1 /* MapKit.framework */; };
		D06E7DD81A0416DA00EA81E1 /* MapViewController.swift in Sources */ = {isa = PBXBuildFile; fileRef = D06E7DD71A0416DA00EA81E1 /* MapViewController.swift */; };
		D06E7DDB1A0436EA00EA81E1 /* WebViewController.swift in Sources */ = {isa = PBXBuildFile; fileRef = D06E7DDA1A0436EA00EA81E1 /* WebViewController.swift */; };
		D06E7DDD1A07D72D00EA81E1 /* GoogleViewController.swift in Sources */ = {isa = PBXBuildFile; fileRef = D06E7DDC1A07D72D00EA81E1 /* GoogleViewController.swift */; };
		D06E7DE01A07E4B400EA81E1 /* LocationTableViewController.swift in Sources */ = {isa = PBXBuildFile; fileRef = D06E7DDF1A07E4B400EA81E1 /* LocationTableViewController.swift */; };
		D0B78F781A0EAFE90072B68F /* MappedViewController.swift in Sources */ = {isa = PBXBuildFile; fileRef = D0B78F771A0EAFE90072B68F /* MappedViewController.swift */; };
		D0B78F8A1A116EA30072B68F /* CoreData.framework in Frameworks */ = {isa = PBXBuildFile; fileRef = D0B78F891A116EA30072B68F /* CoreData.framework */; };
		D0B78F8C1A116EB40072B68F /* SystemConfiguration.framework in Frameworks */ = {isa = PBXBuildFile; fileRef = D0B78F8B1A116EB40072B68F /* SystemConfiguration.framework */; };
		D0B78F911A116EDB0072B68F /* Bridge.m in Sources */ = {isa = PBXBuildFile; fileRef = D0B78F901A116EDB0072B68F /* Bridge.m */; };
		D0B78F921A11727E0072B68F /* libz.dylib in Frameworks */ = {isa = PBXBuildFile; fileRef = D0B78F8D1A116EBE0072B68F /* libz.dylib */; };
		D0B78F941A11747C0072B68F /* libGoogleAnalyticsServices.a in Frameworks */ = {isa = PBXBuildFile; fileRef = D0B78F931A11747C0072B68F /* libGoogleAnalyticsServices.a */; };
		D0B78F971A1177910072B68F /* libAdIdAccess.a in Frameworks */ = {isa = PBXBuildFile; fileRef = D0B78F961A1177910072B68F /* libAdIdAccess.a */; };
		D0B78FA01A1188C50072B68F /* Home.swift in Sources */ = {isa = PBXBuildFile; fileRef = D0B78F9F1A1188C50072B68F /* Home.swift */; };
		D0B78FA21A1188FC0072B68F /* Picture.swift in Sources */ = {isa = PBXBuildFile; fileRef = D0B78FA11A1188FC0072B68F /* Picture.swift */; };
		D0B78FA41A11CA790072B68F /* ImagesCollectionViewController.swift in Sources */ = {isa = PBXBuildFile; fileRef = D0B78FA31A11CA790072B68F /* ImagesCollectionViewController.swift */; };
		D0B78FA61A11CD290072B68F /* ImageCollectionViewCell.swift in Sources */ = {isa = PBXBuildFile; fileRef = D0B78FA51A11CD290072B68F /* ImageCollectionViewCell.swift */; };
		D0B78FA81A11D60B0072B68F /* AddImageViewController.swift in Sources */ = {isa = PBXBuildFile; fileRef = D0B78FA71A11D60B0072B68F /* AddImageViewController.swift */; };
		D0B78FAB1A12789E0072B68F /* CloudKit.framework in Frameworks */ = {isa = PBXBuildFile; fileRef = D0B78FAA1A12789E0072B68F /* CloudKit.framework */; };
		D0F48B351A03ED7F005003C0 /* AppDelegate.swift in Sources */ = {isa = PBXBuildFile; fileRef = D0F48B341A03ED7F005003C0 /* AppDelegate.swift */; };
		D0F48B381A03ED7F005003C0 /* HomeTag.xcdatamodeld in Sources */ = {isa = PBXBuildFile; fileRef = D0F48B361A03ED7F005003C0 /* HomeTag.xcdatamodeld */; };
		D0F48B3D1A03ED7F005003C0 /* Main.storyboard in Resources */ = {isa = PBXBuildFile; fileRef = D0F48B3B1A03ED7F005003C0 /* Main.storyboard */; };
		D0F48B3F1A03ED7F005003C0 /* Images.xcassets in Resources */ = {isa = PBXBuildFile; fileRef = D0F48B3E1A03ED7F005003C0 /* Images.xcassets */; };
		D0F48B421A03ED7F005003C0 /* LaunchScreen.xib in Resources */ = {isa = PBXBuildFile; fileRef = D0F48B401A03ED7F005003C0 /* LaunchScreen.xib */; };
		D0F48B4E1A03ED80005003C0 /* HomeTagTests.swift in Sources */ = {isa = PBXBuildFile; fileRef = D0F48B4D1A03ED80005003C0 /* HomeTagTests.swift */; };
		D0F48B581A03EF88005003C0 /* HomesTableViewController.swift in Sources */ = {isa = PBXBuildFile; fileRef = D0F48B571A03EF88005003C0 /* HomesTableViewController.swift */; };
		D0F48B5F1A03F429005003C0 /* HomeCellTableViewCell.swift in Sources */ = {isa = PBXBuildFile; fileRef = D0F48B5E1A03F429005003C0 /* HomeCellTableViewCell.swift */; };
		D0F48B611A03FBB7005003C0 /* ShowHomeTableViewController.swift in Sources */ = {isa = PBXBuildFile; fileRef = D0F48B601A03FBB7005003C0 /* ShowHomeTableViewController.swift */; };
/* End PBXBuildFile section */

/* Begin PBXContainerItemProxy section */
		D0F48B481A03ED80005003C0 /* PBXContainerItemProxy */ = {
			isa = PBXContainerItemProxy;
			containerPortal = D0F48B271A03ED7F005003C0 /* Project object */;
			proxyType = 1;
			remoteGlobalIDString = D0F48B2E1A03ED7F005003C0;
			remoteInfo = HomeTag;
		};
/* End PBXContainerItemProxy section */

/* Begin PBXFileReference section */
		D03741801A0934F2001AE640 /* NotesViewController.swift */ = {isa = PBXFileReference; fileEncoding = 4; lastKnownFileType = sourcecode.swift; path = NotesViewController.swift; sourceTree = "<group>"; };
		D06E7DD31A0415EB00EA81E1 /* MapKit.framework */ = {isa = PBXFileReference; lastKnownFileType = wrapper.framework; name = MapKit.framework; path = System/Library/Frameworks/MapKit.framework; sourceTree = SDKROOT; };
		D06E7DD71A0416DA00EA81E1 /* MapViewController.swift */ = {isa = PBXFileReference; fileEncoding = 4; lastKnownFileType = sourcecode.swift; path = MapViewController.swift; sourceTree = "<group>"; };
		D06E7DDA1A0436EA00EA81E1 /* WebViewController.swift */ = {isa = PBXFileReference; fileEncoding = 4; lastKnownFileType = sourcecode.swift; path = WebViewController.swift; sourceTree = "<group>"; };
		D06E7DDC1A07D72D00EA81E1 /* GoogleViewController.swift */ = {isa = PBXFileReference; fileEncoding = 4; lastKnownFileType = sourcecode.swift; path = GoogleViewController.swift; sourceTree = "<group>"; };
		D06E7DDF1A07E4B400EA81E1 /* LocationTableViewController.swift */ = {isa = PBXFileReference; fileEncoding = 4; lastKnownFileType = sourcecode.swift; path = LocationTableViewController.swift; sourceTree = "<group>"; };
		D0B78F771A0EAFE90072B68F /* MappedViewController.swift */ = {isa = PBXFileReference; fileEncoding = 4; lastKnownFileType = sourcecode.swift; path = MappedViewController.swift; sourceTree = "<group>"; };
		D0B78F7F1A116E650072B68F /* GAI.h */ = {isa = PBXFileReference; fileEncoding = 4; lastKnownFileType = sourcecode.c.h; path = GAI.h; sourceTree = "<group>"; };
		D0B78F801A116E650072B68F /* GAIDictionaryBuilder.h */ = {isa = PBXFileReference; fileEncoding = 4; lastKnownFileType = sourcecode.c.h; path = GAIDictionaryBuilder.h; sourceTree = "<group>"; };
		D0B78F811A116E650072B68F /* GAIEcommerceFields.h */ = {isa = PBXFileReference; fileEncoding = 4; lastKnownFileType = sourcecode.c.h; path = GAIEcommerceFields.h; sourceTree = "<group>"; };
		D0B78F821A116E650072B68F /* GAIEcommerceProduct.h */ = {isa = PBXFileReference; fileEncoding = 4; lastKnownFileType = sourcecode.c.h; path = GAIEcommerceProduct.h; sourceTree = "<group>"; };
		D0B78F831A116E650072B68F /* GAIEcommerceProductAction.h */ = {isa = PBXFileReference; fileEncoding = 4; lastKnownFileType = sourcecode.c.h; path = GAIEcommerceProductAction.h; sourceTree = "<group>"; };
		D0B78F841A116E650072B68F /* GAIEcommercePromotion.h */ = {isa = PBXFileReference; fileEncoding = 4; lastKnownFileType = sourcecode.c.h; path = GAIEcommercePromotion.h; sourceTree = "<group>"; };
		D0B78F851A116E650072B68F /* GAIFields.h */ = {isa = PBXFileReference; fileEncoding = 4; lastKnownFileType = sourcecode.c.h; path = GAIFields.h; sourceTree = "<group>"; };
		D0B78F861A116E650072B68F /* GAILogger.h */ = {isa = PBXFileReference; fileEncoding = 4; lastKnownFileType = sourcecode.c.h; path = GAILogger.h; sourceTree = "<group>"; };
		D0B78F871A116E650072B68F /* GAITrackedViewController.h */ = {isa = PBXFileReference; fileEncoding = 4; lastKnownFileType = sourcecode.c.h; path = GAITrackedViewController.h; sourceTree = "<group>"; };
		D0B78F881A116E650072B68F /* GAITracker.h */ = {isa = PBXFileReference; fileEncoding = 4; lastKnownFileType = sourcecode.c.h; path = GAITracker.h; sourceTree = "<group>"; };
		D0B78F891A116EA30072B68F /* CoreData.framework */ = {isa = PBXFileReference; lastKnownFileType = wrapper.framework; name = CoreData.framework; path = System/Library/Frameworks/CoreData.framework; sourceTree = SDKROOT; };
		D0B78F8B1A116EB40072B68F /* SystemConfiguration.framework */ = {isa = PBXFileReference; lastKnownFileType = wrapper.framework; name = SystemConfiguration.framework; path = System/Library/Frameworks/SystemConfiguration.framework; sourceTree = SDKROOT; };
		D0B78F8D1A116EBE0072B68F /* libz.dylib */ = {isa = PBXFileReference; lastKnownFileType = "compiled.mach-o.dylib"; name = libz.dylib; path = usr/lib/libz.dylib; sourceTree = SDKROOT; };
		D0B78F8F1A116EDA0072B68F /* HomeTag-Bridging-Header.h */ = {isa = PBXFileReference; lastKnownFileType = sourcecode.c.h; path = "HomeTag-Bridging-Header.h"; sourceTree = "<group>"; };
		D0B78F901A116EDB0072B68F /* Bridge.m */ = {isa = PBXFileReference; fileEncoding = 4; lastKnownFileType = sourcecode.c.objc; path = Bridge.m; sourceTree = "<group>"; };
		D0B78F931A11747C0072B68F /* libGoogleAnalyticsServices.a */ = {isa = PBXFileReference; lastKnownFileType = archive.ar; path = libGoogleAnalyticsServices.a; sourceTree = "<group>"; };
		D0B78F961A1177910072B68F /* libAdIdAccess.a */ = {isa = PBXFileReference; lastKnownFileType = archive.ar; path = libAdIdAccess.a; sourceTree = "<group>"; };
		D0B78F9F1A1188C50072B68F /* Home.swift */ = {isa = PBXFileReference; fileEncoding = 4; lastKnownFileType = sourcecode.swift; path = Home.swift; sourceTree = "<group>"; };
		D0B78FA11A1188FC0072B68F /* Picture.swift */ = {isa = PBXFileReference; fileEncoding = 4; lastKnownFileType = sourcecode.swift; path = Picture.swift; sourceTree = "<group>"; };
		D0B78FA31A11CA790072B68F /* ImagesCollectionViewController.swift */ = {isa = PBXFileReference; fileEncoding = 4; lastKnownFileType = sourcecode.swift; path = ImagesCollectionViewController.swift; sourceTree = "<group>"; };
		D0B78FA51A11CD290072B68F /* ImageCollectionViewCell.swift */ = {isa = PBXFileReference; fileEncoding = 4; lastKnownFileType = sourcecode.swift; path = ImageCollectionViewCell.swift; sourceTree = "<group>"; };
		D0B78FA71A11D60B0072B68F /* AddImageViewController.swift */ = {isa = PBXFileReference; fileEncoding = 4; lastKnownFileType = sourcecode.swift; path = AddImageViewController.swift; sourceTree = "<group>"; };
		D0B78FA91A1278890072B68F /* HomeTag.entitlements */ = {isa = PBXFileReference; lastKnownFileType = text.xml; path = HomeTag.entitlements; sourceTree = "<group>"; };
		D0B78FAA1A12789E0072B68F /* CloudKit.framework */ = {isa = PBXFileReference; lastKnownFileType = wrapper.framework; name = CloudKit.framework; path = System/Library/Frameworks/CloudKit.framework; sourceTree = SDKROOT; };
		D0F48B2F1A03ED7F005003C0 /* HomeTag.app */ = {isa = PBXFileReference; explicitFileType = wrapper.application; includeInIndex = 0; path = HomeTag.app; sourceTree = BUILT_PRODUCTS_DIR; };
		D0F48B331A03ED7F005003C0 /* Info.plist */ = {isa = PBXFileReference; lastKnownFileType = text.plist.xml; path = Info.plist; sourceTree = "<group>"; };
		D0F48B341A03ED7F005003C0 /* AppDelegate.swift */ = {isa = PBXFileReference; lastKnownFileType = sourcecode.swift; path = AppDelegate.swift; sourceTree = "<group>"; };
		D0F48B371A03ED7F005003C0 /* HomeTag.xcdatamodel */ = {isa = PBXFileReference; lastKnownFileType = wrapper.xcdatamodel; path = HomeTag.xcdatamodel; sourceTree = "<group>"; };
		D0F48B3C1A03ED7F005003C0 /* Base */ = {isa = PBXFileReference; lastKnownFileType = file.storyboard; name = Base; path = Base.lproj/Main.storyboard; sourceTree = "<group>"; };
		D0F48B3E1A03ED7F005003C0 /* Images.xcassets */ = {isa = PBXFileReference; lastKnownFileType = folder.assetcatalog; path = Images.xcassets; sourceTree = "<group>"; };
		D0F48B411A03ED7F005003C0 /* Base */ = {isa = PBXFileReference; lastKnownFileType = file.xib; name = Base; path = Base.lproj/LaunchScreen.xib; sourceTree = "<group>"; };
		D0F48B471A03ED80005003C0 /* HomeTagTests.xctest */ = {isa = PBXFileReference; explicitFileType = wrapper.cfbundle; includeInIndex = 0; path = HomeTagTests.xctest; sourceTree = BUILT_PRODUCTS_DIR; };
		D0F48B4C1A03ED80005003C0 /* Info.plist */ = {isa = PBXFileReference; lastKnownFileType = text.plist.xml; path = Info.plist; sourceTree = "<group>"; };
		D0F48B4D1A03ED80005003C0 /* HomeTagTests.swift */ = {isa = PBXFileReference; lastKnownFileType = sourcecode.swift; path = HomeTagTests.swift; sourceTree = "<group>"; };
		D0F48B571A03EF88005003C0 /* HomesTableViewController.swift */ = {isa = PBXFileReference; fileEncoding = 4; lastKnownFileType = sourcecode.swift; path = HomesTableViewController.swift; sourceTree = "<group>"; };
		D0F48B5E1A03F429005003C0 /* HomeCellTableViewCell.swift */ = {isa = PBXFileReference; fileEncoding = 4; lastKnownFileType = sourcecode.swift; path = HomeCellTableViewCell.swift; sourceTree = "<group>"; };
		D0F48B601A03FBB7005003C0 /* ShowHomeTableViewController.swift */ = {isa = PBXFileReference; fileEncoding = 4; lastKnownFileType = sourcecode.swift; path = ShowHomeTableViewController.swift; sourceTree = "<group>"; };
/* End PBXFileReference section */

/* Begin PBXFrameworksBuildPhase section */
		D0F48B2C1A03ED7F005003C0 /* Frameworks */ = {
			isa = PBXFrameworksBuildPhase;
			buildActionMask = 2147483647;
			files = (
				D0B78FAB1A12789E0072B68F /* CloudKit.framework in Frameworks */,
				D0B78F921A11727E0072B68F /* libz.dylib in Frameworks */,
				D0B78F971A1177910072B68F /* libAdIdAccess.a in Frameworks */,
				D0B78F8C1A116EB40072B68F /* SystemConfiguration.framework in Frameworks */,
				D0B78F8A1A116EA30072B68F /* CoreData.framework in Frameworks */,
				D0B78F941A11747C0072B68F /* libGoogleAnalyticsServices.a in Frameworks */,
				D06E7DD41A0415EB00EA81E1 /* MapKit.framework in Frameworks */,
			);
			runOnlyForDeploymentPostprocessing = 0;
		};
		D0F48B441A03ED80005003C0 /* Frameworks */ = {
			isa = PBXFrameworksBuildPhase;
			buildActionMask = 2147483647;
			files = (
			);
			runOnlyForDeploymentPostprocessing = 0;
		};
/* End PBXFrameworksBuildPhase section */

/* Begin PBXGroup section */
		D037417F1A0934E3001AE640 /* Note */ = {
			isa = PBXGroup;
			children = (
				D03741801A0934F2001AE640 /* NotesViewController.swift */,
			);
			name = Note;
			sourceTree = "<group>";
		};
		D06E7DD51A0416B700EA81E1 /* Home */ = {
			isa = PBXGroup;
			children = (
				D0F48B571A03EF88005003C0 /* HomesTableViewController.swift */,
				D0F48B5E1A03F429005003C0 /* HomeCellTableViewCell.swift */,
				D0F48B601A03FBB7005003C0 /* ShowHomeTableViewController.swift */,
			);
			name = Home;
			sourceTree = "<group>";
		};
		D06E7DD61A0416BF00EA81E1 /* Map */ = {
			isa = PBXGroup;
			children = (
				D06E7DD71A0416DA00EA81E1 /* MapViewController.swift */,
				D0B78F771A0EAFE90072B68F /* MappedViewController.swift */,
			);
			name = Map;
			sourceTree = "<group>";
		};
		D06E7DD91A0436D800EA81E1 /* Web */ = {
			isa = PBXGroup;
			children = (
				D06E7DDA1A0436EA00EA81E1 /* WebViewController.swift */,
				D06E7DDC1A07D72D00EA81E1 /* GoogleViewController.swift */,
			);
			name = Web;
			sourceTree = "<group>";
		};
		D06E7DDE1A07E17100EA81E1 /* Location */ = {
			isa = PBXGroup;
			children = (
				D06E7DDF1A07E4B400EA81E1 /* LocationTableViewController.swift */,
			);
			name = Location;
			sourceTree = "<group>";
		};
		D0A5A9F61A09C2010047F157 /* Models */ = {
			isa = PBXGroup;
			children = (
				D0F48B361A03ED7F005003C0 /* HomeTag.xcdatamodeld */,
				D0B78FA11A1188FC0072B68F /* Picture.swift */,
				D0B78F9F1A1188C50072B68F /* Home.swift */,
			);
			name = Models;
			path = ..;
			sourceTree = "<group>";
		};
		D0B78F7E1A116E650072B68F /* Library */ = {
			isa = PBXGroup;
			children = (
				D0B78F7F1A116E650072B68F /* GAI.h */,
				D0B78F801A116E650072B68F /* GAIDictionaryBuilder.h */,
				D0B78F811A116E650072B68F /* GAIEcommerceFields.h */,
				D0B78F821A116E650072B68F /* GAIEcommerceProduct.h */,
				D0B78F831A116E650072B68F /* GAIEcommerceProductAction.h */,
				D0B78F841A116E650072B68F /* GAIEcommercePromotion.h */,
				D0B78F851A116E650072B68F /* GAIFields.h */,
				D0B78F861A116E650072B68F /* GAILogger.h */,
				D0B78F871A116E650072B68F /* GAITrackedViewController.h */,
				D0B78F881A116E650072B68F /* GAITracker.h */,
			);
			path = Library;
			sourceTree = "<group>";
		};
		D0B78F951A1175420072B68F /* Frameworks */ = {
			isa = PBXGroup;
			children = (
				D0B78FAA1A12789E0072B68F /* CloudKit.framework */,
				D0B78F961A1177910072B68F /* libAdIdAccess.a */,
				D0B78F931A11747C0072B68F /* libGoogleAnalyticsServices.a */,
				D0B78F8B1A116EB40072B68F /* SystemConfiguration.framework */,
				D0B78F891A116EA30072B68F /* CoreData.framework */,
				D06E7DD31A0415EB00EA81E1 /* MapKit.framework */,
			);
			name = Frameworks;
			sourceTree = "<group>";
		};
		D0B78F981A1184BC0072B68F /* Images */ = {
			isa = PBXGroup;
			children = (
				D0B78FA31A11CA790072B68F /* ImagesCollectionViewController.swift */,
				D0B78FA51A11CD290072B68F /* ImageCollectionViewCell.swift */,
				D0B78FA71A11D60B0072B68F /* AddImageViewController.swift */,
			);
			name = Images;
			sourceTree = "<group>";
		};
		D0C6BE641A0AA6260059E400 /* Pages */ = {
			isa = PBXGroup;
			children = (
			);
			name = Pages;
			sourceTree = "<group>";
		};
		D0F48B261A03ED7F005003C0 = {
			isa = PBXGroup;
			children = (
				D0B78F951A1175420072B68F /* Frameworks */,
				D0F48B311A03ED7F005003C0 /* HomeTag */,
				D0F48B4A1A03ED80005003C0 /* HomeTagTests */,
				D0B78F7E1A116E650072B68F /* Library */,
				D0F48B301A03ED7F005003C0 /* Products */,
			);
			sourceTree = "<group>";
		};
		D0F48B301A03ED7F005003C0 /* Products */ = {
			isa = PBXGroup;
			children = (
				D0F48B2F1A03ED7F005003C0 /* HomeTag.app */,
				D0F48B471A03ED80005003C0 /* HomeTagTests.xctest */,
			);
			name = Products;
			sourceTree = "<group>";
		};
		D0F48B311A03ED7F005003C0 /* HomeTag */ = {
			isa = PBXGroup;
			children = (
				D0B78FA91A1278890072B68F /* HomeTag.entitlements */,
				D0F48B341A03ED7F005003C0 /* AppDelegate.swift */,
				D0F48B3B1A03ED7F005003C0 /* Main.storyboard */,
				D0A5A9F61A09C2010047F157 /* Models */,
				D0F48B5B1A03EFA3005003C0 /* Controllers */,
				D0F48B3E1A03ED7F005003C0 /* Images.xcassets */,
				D0F48B401A03ED7F005003C0 /* LaunchScreen.xib */,
				D0B78F901A116EDB0072B68F /* Bridge.m */,
				D0B78F8F1A116EDA0072B68F /* HomeTag-Bridging-Header.h */,
				D0F48B321A03ED7F005003C0 /* Supporting Files */,
			);
			path = HomeTag;
			sourceTree = "<group>";
		};
		D0F48B321A03ED7F005003C0 /* Supporting Files */ = {
			isa = PBXGroup;
			children = (
				D0B78F8D1A116EBE0072B68F /* libz.dylib */,
				D0F48B331A03ED7F005003C0 /* Info.plist */,
			);
			name = "Supporting Files";
			sourceTree = "<group>";
		};
		D0F48B4A1A03ED80005003C0 /* HomeTagTests */ = {
			isa = PBXGroup;
			children = (
				D0F48B4D1A03ED80005003C0 /* HomeTagTests.swift */,
				D0F48B4B1A03ED80005003C0 /* Supporting Files */,
			);
			path = HomeTagTests;
			sourceTree = "<group>";
		};
		D0F48B4B1A03ED80005003C0 /* Supporting Files */ = {
			isa = PBXGroup;
			children = (
				D0F48B4C1A03ED80005003C0 /* Info.plist */,
			);
			name = "Supporting Files";
			sourceTree = "<group>";
		};
		D0F48B5B1A03EFA3005003C0 /* Controllers */ = {
			isa = PBXGroup;
			children = (
				D0B78F981A1184BC0072B68F /* Images */,
				D0C6BE641A0AA6260059E400 /* Pages */,
				D037417F1A0934E3001AE640 /* Note */,
				D06E7DDE1A07E17100EA81E1 /* Location */,
				D06E7DD91A0436D800EA81E1 /* Web */,
				D06E7DD61A0416BF00EA81E1 /* Map */,
				D06E7DD51A0416B700EA81E1 /* Home */,
			);
			name = Controllers;
			sourceTree = "<group>";
		};
/* End PBXGroup section */

/* Begin PBXNativeTarget section */
		D0F48B2E1A03ED7F005003C0 /* HomeTag */ = {
			isa = PBXNativeTarget;
			buildConfigurationList = D0F48B511A03ED80005003C0 /* Build configuration list for PBXNativeTarget "HomeTag" */;
			buildPhases = (
				D0F48B2B1A03ED7F005003C0 /* Sources */,
				D0F48B2C1A03ED7F005003C0 /* Frameworks */,
				D0F48B2D1A03ED7F005003C0 /* Resources */,
			);
			buildRules = (
			);
			dependencies = (
			);
			name = HomeTag;
			productName = HomeTag;
			productReference = D0F48B2F1A03ED7F005003C0 /* HomeTag.app */;
			productType = "com.apple.product-type.application";
		};
		D0F48B461A03ED80005003C0 /* HomeTagTests */ = {
			isa = PBXNativeTarget;
			buildConfigurationList = D0F48B541A03ED80005003C0 /* Build configuration list for PBXNativeTarget "HomeTagTests" */;
			buildPhases = (
				D0F48B431A03ED80005003C0 /* Sources */,
				D0F48B441A03ED80005003C0 /* Frameworks */,
				D0F48B451A03ED80005003C0 /* Resources */,
			);
			buildRules = (
			);
			dependencies = (
				D0F48B491A03ED80005003C0 /* PBXTargetDependency */,
			);
			name = HomeTagTests;
			productName = HomeTagTests;
			productReference = D0F48B471A03ED80005003C0 /* HomeTagTests.xctest */;
			productType = "com.apple.product-type.bundle.unit-test";
		};
/* End PBXNativeTarget section */

/* Begin PBXProject section */
		D0F48B271A03ED7F005003C0 /* Project object */ = {
			isa = PBXProject;
			attributes = {
				LastUpgradeCheck = 0610;
				ORGANIZATIONNAME = "Peter Hitchcock";
				TargetAttributes = {
					D0F48B2E1A03ED7F005003C0 = {
						CreatedOnToolsVersion = 6.1;
						DevelopmentTeam = 36CUT7YB68;
						SystemCapabilities = {
							com.apple.Maps.iOS = {
								enabled = 1;
							};
							com.apple.iCloud = {
								enabled = 1;
							};
						};
					};
					D0F48B461A03ED80005003C0 = {
						CreatedOnToolsVersion = 6.1;
						TestTargetID = D0F48B2E1A03ED7F005003C0;
					};
				};
			};
			buildConfigurationList = D0F48B2A1A03ED7F005003C0 /* Build configuration list for PBXProject "HomeTag" */;
			compatibilityVersion = "Xcode 3.2";
			developmentRegion = English;
			hasScannedForEncodings = 0;
			knownRegions = (
				en,
				Base,
			);
			mainGroup = D0F48B261A03ED7F005003C0;
			productRefGroup = D0F48B301A03ED7F005003C0 /* Products */;
			projectDirPath = "";
			projectRoot = "";
			targets = (
				D0F48B2E1A03ED7F005003C0 /* HomeTag */,
				D0F48B461A03ED80005003C0 /* HomeTagTests */,
			);
		};
/* End PBXProject section */

/* Begin PBXResourcesBuildPhase section */
		D0F48B2D1A03ED7F005003C0 /* Resources */ = {
			isa = PBXResourcesBuildPhase;
			buildActionMask = 2147483647;
			files = (
				D0F48B3D1A03ED7F005003C0 /* Main.storyboard in Resources */,
				D0F48B421A03ED7F005003C0 /* LaunchScreen.xib in Resources */,
				D0F48B3F1A03ED7F005003C0 /* Images.xcassets in Resources */,
			);
			runOnlyForDeploymentPostprocessing = 0;
		};
		D0F48B451A03ED80005003C0 /* Resources */ = {
			isa = PBXResourcesBuildPhase;
			buildActionMask = 2147483647;
			files = (
			);
			runOnlyForDeploymentPostprocessing = 0;
		};
/* End PBXResourcesBuildPhase section */

/* Begin PBXSourcesBuildPhase section */
		D0F48B2B1A03ED7F005003C0 /* Sources */ = {
			isa = PBXSourcesBuildPhase;
			buildActionMask = 2147483647;
			files = (
				D06E7DDB1A0436EA00EA81E1 /* WebViewController.swift in Sources */,
				D0B78FA81A11D60B0072B68F /* AddImageViewController.swift in Sources */,
				D0F48B581A03EF88005003C0 /* HomesTableViewController.swift in Sources */,
				D0B78FA61A11CD290072B68F /* ImageCollectionViewCell.swift in Sources */,
				D0F48B611A03FBB7005003C0 /* ShowHomeTableViewController.swift in Sources */,
				D0B78FA21A1188FC0072B68F /* Picture.swift in Sources */,
				D0B78F781A0EAFE90072B68F /* MappedViewController.swift in Sources */,
				D0F48B5F1A03F429005003C0 /* HomeCellTableViewCell.swift in Sources */,
				D06E7DE01A07E4B400EA81E1 /* LocationTableViewController.swift in Sources */,
				D03741811A0934F2001AE640 /* NotesViewController.swift in Sources */,
				D0B78F911A116EDB0072B68F /* Bridge.m in Sources */,
				D0F48B351A03ED7F005003C0 /* AppDelegate.swift in Sources */,
				D0F48B381A03ED7F005003C0 /* HomeTag.xcdatamodeld in Sources */,
				D0B78FA01A1188C50072B68F /* Home.swift in Sources */,
				D06E7DD81A0416DA00EA81E1 /* MapViewController.swift in Sources */,
				D0B78FA41A11CA790072B68F /* ImagesCollectionViewController.swift in Sources */,
				D06E7DDD1A07D72D00EA81E1 /* GoogleViewController.swift in Sources */,
			);
			runOnlyForDeploymentPostprocessing = 0;
		};
		D0F48B431A03ED80005003C0 /* Sources */ = {
			isa = PBXSourcesBuildPhase;
			buildActionMask = 2147483647;
			files = (
				D0F48B4E1A03ED80005003C0 /* HomeTagTests.swift in Sources */,
			);
			runOnlyForDeploymentPostprocessing = 0;
		};
/* End PBXSourcesBuildPhase section */

/* Begin PBXTargetDependency section */
		D0F48B491A03ED80005003C0 /* PBXTargetDependency */ = {
			isa = PBXTargetDependency;
			target = D0F48B2E1A03ED7F005003C0 /* HomeTag */;
			targetProxy = D0F48B481A03ED80005003C0 /* PBXContainerItemProxy */;
		};
/* End PBXTargetDependency section */

/* Begin PBXVariantGroup section */
		D0F48B3B1A03ED7F005003C0 /* Main.storyboard */ = {
			isa = PBXVariantGroup;
			children = (
				D0F48B3C1A03ED7F005003C0 /* Base */,
			);
			name = Main.storyboard;
			sourceTree = "<group>";
		};
		D0F48B401A03ED7F005003C0 /* LaunchScreen.xib */ = {
			isa = PBXVariantGroup;
			children = (
				D0F48B411A03ED7F005003C0 /* Base */,
			);
			name = LaunchScreen.xib;
			sourceTree = "<group>";
		};
/* End PBXVariantGroup section */

/* Begin XCBuildConfiguration section */
		D0F48B4F1A03ED80005003C0 /* Debug */ = {
			isa = XCBuildConfiguration;
			buildSettings = {
				ALWAYS_SEARCH_USER_PATHS = NO;
				CLANG_CXX_LANGUAGE_STANDARD = "gnu++0x";
				CLANG_CXX_LIBRARY = "libc++";
				CLANG_ENABLE_MODULES = YES;
				CLANG_ENABLE_OBJC_ARC = YES;
				CLANG_WARN_BOOL_CONVERSION = YES;
				CLANG_WARN_CONSTANT_CONVERSION = YES;
				CLANG_WARN_DIRECT_OBJC_ISA_USAGE = YES_ERROR;
				CLANG_WARN_EMPTY_BODY = YES;
				CLANG_WARN_ENUM_CONVERSION = YES;
				CLANG_WARN_INT_CONVERSION = YES;
				CLANG_WARN_OBJC_ROOT_CLASS = YES_ERROR;
				CLANG_WARN_UNREACHABLE_CODE = YES;
				CLANG_WARN__DUPLICATE_METHOD_MATCH = YES;
				"CODE_SIGN_IDENTITY[sdk=iphoneos*]" = "iPhone Developer";
				COPY_PHASE_STRIP = NO;
				ENABLE_STRICT_OBJC_MSGSEND = YES;
				GCC_C_LANGUAGE_STANDARD = gnu99;
				GCC_DYNAMIC_NO_PIC = NO;
				GCC_OPTIMIZATION_LEVEL = 0;
				GCC_PREPROCESSOR_DEFINITIONS = (
					"DEBUG=1",
					"$(inherited)",
				);
				GCC_SYMBOLS_PRIVATE_EXTERN = NO;
				GCC_WARN_64_TO_32_BIT_CONVERSION = YES;
				GCC_WARN_ABOUT_RETURN_TYPE = YES_ERROR;
				GCC_WARN_UNDECLARED_SELECTOR = YES;
				GCC_WARN_UNINITIALIZED_AUTOS = YES_AGGRESSIVE;
				GCC_WARN_UNUSED_FUNCTION = YES;
				GCC_WARN_UNUSED_VARIABLE = YES;
				IPHONEOS_DEPLOYMENT_TARGET = 8.1;
				MTL_ENABLE_DEBUG_INFO = YES;
				ONLY_ACTIVE_ARCH = YES;
				SDKROOT = iphoneos;
				SWIFT_OPTIMIZATION_LEVEL = "-Onone";
			};
			name = Debug;
		};
		D0F48B501A03ED80005003C0 /* Release */ = {
			isa = XCBuildConfiguration;
			buildSettings = {
				ALWAYS_SEARCH_USER_PATHS = NO;
				CLANG_CXX_LANGUAGE_STANDARD = "gnu++0x";
				CLANG_CXX_LIBRARY = "libc++";
				CLANG_ENABLE_MODULES = YES;
				CLANG_ENABLE_OBJC_ARC = YES;
				CLANG_WARN_BOOL_CONVERSION = YES;
				CLANG_WARN_CONSTANT_CONVERSION = YES;
				CLANG_WARN_DIRECT_OBJC_ISA_USAGE = YES_ERROR;
				CLANG_WARN_EMPTY_BODY = YES;
				CLANG_WARN_ENUM_CONVERSION = YES;
				CLANG_WARN_INT_CONVERSION = YES;
				CLANG_WARN_OBJC_ROOT_CLASS = YES_ERROR;
				CLANG_WARN_UNREACHABLE_CODE = YES;
				CLANG_WARN__DUPLICATE_METHOD_MATCH = YES;
				"CODE_SIGN_IDENTITY[sdk=iphoneos*]" = "iPhone Developer";
				COPY_PHASE_STRIP = YES;
				ENABLE_NS_ASSERTIONS = NO;
				ENABLE_STRICT_OBJC_MSGSEND = YES;
				GCC_C_LANGUAGE_STANDARD = gnu99;
				GCC_WARN_64_TO_32_BIT_CONVERSION = YES;
				GCC_WARN_ABOUT_RETURN_TYPE = YES_ERROR;
				GCC_WARN_UNDECLARED_SELECTOR = YES;
				GCC_WARN_UNINITIALIZED_AUTOS = YES_AGGRESSIVE;
				GCC_WARN_UNUSED_FUNCTION = YES;
				GCC_WARN_UNUSED_VARIABLE = YES;
				IPHONEOS_DEPLOYMENT_TARGET = 8.1;
				MTL_ENABLE_DEBUG_INFO = NO;
				SDKROOT = iphoneos;
				VALIDATE_PRODUCT = YES;
			};
			name = Release;
		};
		D0F48B521A03ED80005003C0 /* Debug */ = {
			isa = XCBuildConfiguration;
			buildSettings = {
				ASSETCATALOG_COMPILER_APPICON_NAME = AppIcon;
				CLANG_ENABLE_MODULES = YES;
				CODE_SIGN_ENTITLEMENTS = HomeTag/HomeTag.entitlements;
				CODE_SIGN_IDENTITY = "iPhone Developer";
				"CODE_SIGN_IDENTITY[sdk=iphoneos*]" = "iPhone Developer";
				INFOPLIST_FILE = HomeTag/Info.plist;
				LD_RUNPATH_SEARCH_PATHS = "$(inherited) @executable_path/Frameworks";
				LIBRARY_SEARCH_PATHS = (
					"$(inherited)",
					"$(PROJECT_DIR)",
				);
				"OTHER_LDFLAGS[arch=*]" = "";
				PRODUCT_NAME = "$(TARGET_NAME)";
				PROVISIONING_PROFILE = "";
				SWIFT_OBJC_BRIDGING_HEADER = "HomeTag/HomeTag-Bridging-Header.h";
				SWIFT_OPTIMIZATION_LEVEL = "-Onone";
			};
			name = Debug;
		};
		D0F48B531A03ED80005003C0 /* Release */ = {
			isa = XCBuildConfiguration;
			buildSettings = {
				ASSETCATALOG_COMPILER_APPICON_NAME = AppIcon;
				CLANG_ENABLE_MODULES = YES;
				CODE_SIGN_ENTITLEMENTS = HomeTag/HomeTag.entitlements;
				CODE_SIGN_IDENTITY = "iPhone Developer";
				"CODE_SIGN_IDENTITY[sdk=iphoneos*]" = "iPhone Developer";
				INFOPLIST_FILE = HomeTag/Info.plist;
				LD_RUNPATH_SEARCH_PATHS = "$(inherited) @executable_path/Frameworks";
				LIBRARY_SEARCH_PATHS = (
					"$(inherited)",
					"$(PROJECT_DIR)",
				);
				PRODUCT_NAME = "$(TARGET_NAME)";
				PROVISIONING_PROFILE = "";
				SWIFT_OBJC_BRIDGING_HEADER = "HomeTag/HomeTag-Bridging-Header.h";
			};
			name = Release;
		};
		D0F48B551A03ED80005003C0 /* Debug */ = {
			isa = XCBuildConfiguration;
			buildSettings = {
				BUNDLE_LOADER = "$(TEST_HOST)";
				FRAMEWORK_SEARCH_PATHS = (
					"$(SDKROOT)/Developer/Library/Frameworks",
					"$(inherited)",
				);
				GCC_PREPROCESSOR_DEFINITIONS = (
					"DEBUG=1",
					"$(inherited)",
				);
				INFOPLIST_FILE = HomeTagTests/Info.plist;
				LD_RUNPATH_SEARCH_PATHS = "$(inherited) @executable_path/Frameworks @loader_path/Frameworks";
				PRODUCT_NAME = "$(TARGET_NAME)";
				TEST_HOST = "$(BUILT_PRODUCTS_DIR)/HomeTag.app/HomeTag";
			};
			name = Debug;
		};
		D0F48B561A03ED80005003C0 /* Release */ = {
			isa = XCBuildConfiguration;
			buildSettings = {
				BUNDLE_LOADER = "$(TEST_HOST)";
				FRAMEWORK_SEARCH_PATHS = (
					"$(SDKROOT)/Developer/Library/Frameworks",
					"$(inherited)",
				);
				INFOPLIST_FILE = HomeTagTests/Info.plist;
				LD_RUNPATH_SEARCH_PATHS = "$(inherited) @executable_path/Frameworks @loader_path/Frameworks";
				PRODUCT_NAME = "$(TARGET_NAME)";
				TEST_HOST = "$(BUILT_PRODUCTS_DIR)/HomeTag.app/HomeTag";
			};
			name = Release;
		};
/* End XCBuildConfiguration section */

/* Begin XCConfigurationList section */
		D0F48B2A1A03ED7F005003C0 /* Build configuration list for PBXProject "HomeTag" */ = {
			isa = XCConfigurationList;
			buildConfigurations = (
				D0F48B4F1A03ED80005003C0 /* Debug */,
				D0F48B501A03ED80005003C0 /* Release */,
			);
			defaultConfigurationIsVisible = 0;
			defaultConfigurationName = Release;
		};
		D0F48B511A03ED80005003C0 /* Build configuration list for PBXNativeTarget "HomeTag" */ = {
			isa = XCConfigurationList;
			buildConfigurations = (
				D0F48B521A03ED80005003C0 /* Debug */,
				D0F48B531A03ED80005003C0 /* Release */,
			);
			defaultConfigurationIsVisible = 0;
			defaultConfigurationName = Release;
		};
		D0F48B541A03ED80005003C0 /* Build configuration list for PBXNativeTarget "HomeTagTests" */ = {
			isa = XCConfigurationList;
			buildConfigurations = (
				D0F48B551A03ED80005003C0 /* Debug */,
				D0F48B561A03ED80005003C0 /* Release */,
			);
			defaultConfigurationIsVisible = 0;
			defaultConfigurationName = Release;
		};
/* End XCConfigurationList section */

/* Begin XCVersionGroup section */
		D0F48B361A03ED7F005003C0 /* HomeTag.xcdatamodeld */ = {
			isa = XCVersionGroup;
			children = (
				D0F48B371A03ED7F005003C0 /* HomeTag.xcdatamodel */,
			);
			currentVersion = D0F48B371A03ED7F005003C0 /* HomeTag.xcdatamodel */;
			name = HomeTag.xcdatamodeld;
			path = HomeTag/HomeTag.xcdatamodeld;
			sourceTree = "<group>";
			versionGroupType = wrapper.xcdatamodel;
		};
/* End XCVersionGroup section */
	};
	rootObject = D0F48B271A03ED7F005003C0 /* Project object */;
}
